
Microsoft Visual Studio Solution File, Format Version 12.00
# Visual Studio Version 16
VisualStudioVersion = 16.0.31424.327
MinimumVisualStudioVersion = 10.0.40219.1
Project("{FAE04EC0-301F-11D3-BF4B-00C04F79EFBC}") = "01. Old Books", "01. Old Books\01. Old Books.csproj", "{0E8AECB6-52DC-4F10-AB77-926072E36317}"
EndProject
Project("{FAE04EC0-301F-11D3-BF4B-00C04F79EFBC}") = "02. Exam Preparation", "02. Exam Preparation\02. Exam Preparation.csproj", "{2F7F4529-273C-4F32-944C-7D414673AD52}"
EndProject
Project("{FAE04EC0-301F-11D3-BF4B-00C04F79EFBC}") = "03. Vacation", "03. Vacation\03. Vacation.csproj", "{E2533EAE-5914-4E91-9A26-D387E4ADFBF9}"
EndProject
Project("{FAE04EC0-301F-11D3-BF4B-00C04F79EFBC}") = "04. Walking", "04. Walking\04. Walking.csproj", "{20CEAC56-EC29-4D9C-9326-5BE9213289E5}"
EndProject
Global
	GlobalSection(SolutionConfigurationPlatforms) = preSolution
		Debug|Any CPU = Debug|Any CPU
		Release|Any CPU = Release|Any CPU
	EndGlobalSection
	GlobalSection(ProjectConfigurationPlatforms) = postSolution
		{0E8AECB6-52DC-4F10-AB77-926072E36317}.Debug|Any CPU.ActiveCfg = Debug|Any CPU
		{0E8AECB6-52DC-4F10-AB77-926072E36317}.Debug|Any CPU.Build.0 = Debug|Any CPU
		{0E8AECB6-52DC-4F10-AB77-926072E36317}.Release|Any CPU.ActiveCfg = Release|Any CPU
		{0E8AECB6-52DC-4F10-AB77-926072E36317}.Release|Any CPU.Build.0 = Release|Any CPU
		{2F7F4529-273C-4F32-944C-7D414673AD52}.Debug|Any CPU.ActiveCfg = Debug|Any CPU
		{2F7F4529-273C-4F32-944C-7D414673AD52}.Debug|Any CPU.Build.0 = Debug|Any CPU
		{2F7F4529-273C-4F32-944C-7D414673AD52}.Release|Any CPU.ActiveCfg = Release|Any CPU
		{2F7F4529-273C-4F32-944C-7D414673AD52}.Release|Any CPU.Build.0 = Release|Any CPU
		{E2533EAE-5914-4E91-9A26-D387E4ADFBF9}.Debug|Any CPU.ActiveCfg = Debug|Any CPU
		{E2533EAE-5914-4E91-9A26-D387E4ADFBF9}.Debug|Any CPU.Build.0 = Debug|Any CPU
		{E2533EAE-5914-4E91-9A26-D387E4ADFBF9}.Release|Any CPU.ActiveCfg = Release|Any CPU
		{E2533EAE-5914-4E91-9A26-D387E4ADFBF9}.Release|Any CPU.Build.0 = Release|Any CPU
		{20CEAC56-EC29-4D9C-9326-5BE9213289E5}.Debug|Any CPU.ActiveCfg = Debug|Any CPU
		{20CEAC56-EC29-4D9C-9326-5BE9213289E5}.Debug|Any CPU.Build.0 = Debug|Any CPU
		{20CEAC56-EC29-4D9C-9326-5BE9213289E5}.Release|Any CPU.ActiveCfg = Release|Any CPU
		{20CEAC56-EC29-4D9C-9326-5BE9213289E5}.Release|Any CPU.Build.0 = Release|Any CPU
	EndGlobalSection
	GlobalSection(SolutionProperties) = preSolution
		HideSolutionNode = FALSE
	EndGlobalSection
	GlobalSection(ExtensibilityGlobals) = postSolution
		SolutionGuid = {3C710801-5ECC-4F70-8616-405EFD7599AD}
	EndGlobalSection
EndGlobal
